
Microsoft Visual Studio Solution File, Format Version 11.00
# Visual Studio 2010
Project("{8BC9CEB8-8B4A-11D0-8D11-00A0C91BC942}") = "QLExercise", "QLExercise\QLExercise.vcxproj", "{F3093E28-971E-44BB-8B71-5372D767AF8C}"
EndProject
Project("{8BC9CEB8-8B4A-11D0-8D11-00A0C91BC942}") = "QLCLRWinForm", "QLCLRWinForm\QLCLRWinForm.vcxproj", "{4ACB60D6-393F-452E-B232-1CAF8095C902}"
EndProject
Project("{8BC9CEB8-8B4A-11D0-8D11-00A0C91BC942}") = "TestLazyObject", "TestLazyObject\TestLazyObject.vcxproj", "{B9C341E8-44D7-4056-8597-44461E2E7552}"
EndProject
Project("{8BC9CEB8-8B4A-11D0-8D11-00A0C91BC942}") = "TestHandles", "TestHandles\TestHandles.vcxproj", "{A766A66B-3779-452A-B0F4-C3639DBA2128}"
EndProject
Project("{8BC9CEB8-8B4A-11D0-8D11-00A0C91BC942}") = "TestVolatilityCube", "TestVolatilityCube\TestVolatilityCube.vcxproj", "{78DEC3B9-591E-47C3-8450-B9B48D435BFB}"
EndProject
Project("{8BC9CEB8-8B4A-11D0-8D11-00A0C91BC942}") = "PCH_test", "PCH_test\PCH_test.vcxproj", "{9F6D3ED4-7B7B-4CED-AE37-D140257BCA93}"
EndProject
Project("{8BC9CEB8-8B4A-11D0-8D11-00A0C91BC942}") = "TestOIS", "TestOIS\TestOIS.vcxproj", "{91BC063A-516D-4AC8-8125-B2A82C76844B}"
EndProject
Project("{8BC9CEB8-8B4A-11D0-8D11-00A0C91BC942}") = "TestFiniteDifference", "TestFiniteDifference\TestFiniteDifference.vcxproj", "{03275BF1-FADC-4A11-8D4D-FF462C060C41}"
EndProject
Project("{8BC9CEB8-8B4A-11D0-8D11-00A0C91BC942}") = "EquityOptionReorganized", "..\EquityOptionReorganized\EquityOptionReorganized.vcxproj", "{E8CAF4D9-F81E-44E5-850E-C09E5FFDE4C2}"
EndProject
Global
	GlobalSection(SolutionConfigurationPlatforms) = preSolution
		Debug|Win32 = Debug|Win32
		Release|Win32 = Release|Win32
	EndGlobalSection
	GlobalSection(ProjectConfigurationPlatforms) = postSolution
		{F3093E28-971E-44BB-8B71-5372D767AF8C}.Debug|Win32.ActiveCfg = Debug|Win32
		{F3093E28-971E-44BB-8B71-5372D767AF8C}.Debug|Win32.Build.0 = Debug|Win32
		{F3093E28-971E-44BB-8B71-5372D767AF8C}.Release|Win32.ActiveCfg = Release|Win32
		{F3093E28-971E-44BB-8B71-5372D767AF8C}.Release|Win32.Build.0 = Release|Win32
		{4ACB60D6-393F-452E-B232-1CAF8095C902}.Debug|Win32.ActiveCfg = Debug|Win32
		{4ACB60D6-393F-452E-B232-1CAF8095C902}.Debug|Win32.Build.0 = Debug|Win32
		{4ACB60D6-393F-452E-B232-1CAF8095C902}.Release|Win32.ActiveCfg = Release|Win32
		{4ACB60D6-393F-452E-B232-1CAF8095C902}.Release|Win32.Build.0 = Release|Win32
		{B9C341E8-44D7-4056-8597-44461E2E7552}.Debug|Win32.ActiveCfg = Debug|Win32
		{B9C341E8-44D7-4056-8597-44461E2E7552}.Debug|Win32.Build.0 = Debug|Win32
		{B9C341E8-44D7-4056-8597-44461E2E7552}.Release|Win32.ActiveCfg = Release|Win32
		{B9C341E8-44D7-4056-8597-44461E2E7552}.Release|Win32.Build.0 = Release|Win32
		{A766A66B-3779-452A-B0F4-C3639DBA2128}.Debug|Win32.ActiveCfg = Debug|Win32
		{A766A66B-3779-452A-B0F4-C3639DBA2128}.Debug|Win32.Build.0 = Debug|Win32
		{A766A66B-3779-452A-B0F4-C3639DBA2128}.Release|Win32.ActiveCfg = Release|Win32
		{A766A66B-3779-452A-B0F4-C3639DBA2128}.Release|Win32.Build.0 = Release|Win32
		{78DEC3B9-591E-47C3-8450-B9B48D435BFB}.Debug|Win32.ActiveCfg = Debug|Win32
		{78DEC3B9-591E-47C3-8450-B9B48D435BFB}.Debug|Win32.Build.0 = Debug|Win32
		{78DEC3B9-591E-47C3-8450-B9B48D435BFB}.Release|Win32.ActiveCfg = Release|Win32
		{78DEC3B9-591E-47C3-8450-B9B48D435BFB}.Release|Win32.Build.0 = Release|Win32
		{9F6D3ED4-7B7B-4CED-AE37-D140257BCA93}.Debug|Win32.ActiveCfg = Debug|Win32
		{9F6D3ED4-7B7B-4CED-AE37-D140257BCA93}.Debug|Win32.Build.0 = Debug|Win32
		{9F6D3ED4-7B7B-4CED-AE37-D140257BCA93}.Release|Win32.ActiveCfg = Release|Win32
		{9F6D3ED4-7B7B-4CED-AE37-D140257BCA93}.Release|Win32.Build.0 = Release|Win32
		{91BC063A-516D-4AC8-8125-B2A82C76844B}.Debug|Win32.ActiveCfg = Debug|Win32
		{91BC063A-516D-4AC8-8125-B2A82C76844B}.Debug|Win32.Build.0 = Debug|Win32
		{91BC063A-516D-4AC8-8125-B2A82C76844B}.Release|Win32.ActiveCfg = Release|Win32
		{91BC063A-516D-4AC8-8125-B2A82C76844B}.Release|Win32.Build.0 = Release|Win32
		{03275BF1-FADC-4A11-8D4D-FF462C060C41}.Debug|Win32.ActiveCfg = Debug|Win32
		{03275BF1-FADC-4A11-8D4D-FF462C060C41}.Debug|Win32.Build.0 = Debug|Win32
		{03275BF1-FADC-4A11-8D4D-FF462C060C41}.Release|Win32.ActiveCfg = Release|Win32
		{03275BF1-FADC-4A11-8D4D-FF462C060C41}.Release|Win32.Build.0 = Release|Win32
		{E8CAF4D9-F81E-44E5-850E-C09E5FFDE4C2}.Debug|Win32.ActiveCfg = Debug|Win32
		{E8CAF4D9-F81E-44E5-850E-C09E5FFDE4C2}.Debug|Win32.Build.0 = Debug|Win32
		{E8CAF4D9-F81E-44E5-850E-C09E5FFDE4C2}.Release|Win32.ActiveCfg = Release|Win32
		{E8CAF4D9-F81E-44E5-850E-C09E5FFDE4C2}.Release|Win32.Build.0 = Release|Win32
	EndGlobalSection
	GlobalSection(SolutionProperties) = preSolution
		HideSolutionNode = FALSE
	EndGlobalSection
EndGlobal
